
Microsoft Visual Studio Solution File, Format Version 12.00
# Visual Studio Version 17
VisualStudioVersion = 17.1.32228.430
MinimumVisualStudioVersion = 10.0.40219.1
Project("{FAE04EC0-301F-11D3-BF4B-00C04F79EFBC}") = "EFCoreTestGrounds.API", "EFCoreTestGrounds.API\EFCoreTestGrounds.API.csproj", "{9F1D09B0-B0F5-4F5C-BB9B-93F69EB06D52}"
EndProject
Global
	GlobalSection(SolutionConfigurationPlatforms) = preSolution
		Debug|Any CPU = Debug|Any CPU
		Release|Any CPU = Release|Any CPU
	EndGlobalSection
	GlobalSection(ProjectConfigurationPlatforms) = postSolution
		{9F1D09B0-B0F5-4F5C-BB9B-93F69EB06D52}.Debug|Any CPU.ActiveCfg = Debug|Any CPU
		{9F1D09B0-B0F5-4F5C-BB9B-93F69EB06D52}.Debug|Any CPU.Build.0 = Debug|Any CPU
		{9F1D09B0-B0F5-4F5C-BB9B-93F69EB06D52}.Release|Any CPU.ActiveCfg = Release|Any CPU
		{9F1D09B0-B0F5-4F5C-BB9B-93F69EB06D52}.Release|Any CPU.Build.0 = Release|Any CPU
	EndGlobalSection
	GlobalSection(SolutionProperties) = preSolution
		HideSolutionNode = FALSE
	EndGlobalSection
	GlobalSection(ExtensibilityGlobals) = postSolution
		SolutionGuid = {76BC2559-3CC1-48F0-80D2-D00E488149C2}
	EndGlobalSection
EndGlobal
